// !$*UTF8*$!
{
	archiveVersion = 1;
	classes = {
	};
	objectVersion = 50;
	objects = {

/* Begin PBXBuildFile section */
		7E687BD42351E21100469A8D /* Episode.swift in Sources */ = {isa = PBXBuildFile; fileRef = 7E687BD32351E21100469A8D /* Episode.swift */; };
		7E687BD72351E2E200469A8D /* EpisodeCell.swift in Sources */ = {isa = PBXBuildFile; fileRef = 7E687BD52351E2E200469A8D /* EpisodeCell.swift */; };
		7E687BD82351E2E200469A8D /* EpisodeCell.xib in Resources */ = {isa = PBXBuildFile; fileRef = 7E687BD62351E2E200469A8D /* EpisodeCell.xib */; };
		7EE479CD23295E1B00A54722 /* AppDelegate.swift in Sources */ = {isa = PBXBuildFile; fileRef = 7EE479CC23295E1B00A54722 /* AppDelegate.swift */; };
		7EE479CF23295E1B00A54722 /* ViewController.swift in Sources */ = {isa = PBXBuildFile; fileRef = 7EE479CE23295E1B00A54722 /* ViewController.swift */; };
		7EE479D223295E1B00A54722 /* Main.storyboard in Resources */ = {isa = PBXBuildFile; fileRef = 7EE479D023295E1B00A54722 /* Main.storyboard */; };
		7EE479D423295E1C00A54722 /* Assets.xcassets in Resources */ = {isa = PBXBuildFile; fileRef = 7EE479D323295E1C00A54722 /* Assets.xcassets */; };
		7EE479D723295E1C00A54722 /* LaunchScreen.storyboard in Resources */ = {isa = PBXBuildFile; fileRef = 7EE479D523295E1C00A54722 /* LaunchScreen.storyboard */; };
		7EE479DF23295EEE00A54722 /* MainTabBarController.swift in Sources */ = {isa = PBXBuildFile; fileRef = 7EE479DE23295EEE00A54722 /* MainTabBarController.swift */; };
		7EE479E2232A44BD00A54722 /* PodcastsSearchController.swift in Sources */ = {isa = PBXBuildFile; fileRef = 7EE479E1232A44BD00A54722 /* PodcastsSearchController.swift */; };
		7EE479E5232A467100A54722 /* Podcast.swift in Sources */ = {isa = PBXBuildFile; fileRef = 7EE479E4232A467100A54722 /* Podcast.swift */; };
		7EF75CD82334D4750062BA5C /* APIService.swift in Sources */ = {isa = PBXBuildFile; fileRef = 7EF75CD72334D4750062BA5C /* APIService.swift */; };
		7EF75CDB2334F6000062BA5C /* PodcastCell.xib in Resources */ = {isa = PBXBuildFile; fileRef = 7EF75CDA2334F6000062BA5C /* PodcastCell.xib */; };
		7EF75CDD2334FB230062BA5C /* PodcastCell.swift in Sources */ = {isa = PBXBuildFile; fileRef = 7EF75CDC2334FB230062BA5C /* PodcastCell.swift */; };
		7EF75CDF233517B90062BA5C /* EpisodesController.swift in Sources */ = {isa = PBXBuildFile; fileRef = 7EF75CDE233517B90062BA5C /* EpisodesController.swift */; };
		D4422B08CF585EC071006717 /* Pods_podcasts.framework in Frameworks */ = {isa = PBXBuildFile; fileRef = D0448E4500FEE02B45E25686 /* Pods_podcasts.framework */; };
/* End PBXBuildFile section */

/* Begin PBXFileReference section */
		7E687BD32351E21100469A8D /* Episode.swift */ = {isa = PBXFileReference; lastKnownFileType = sourcecode.swift; path = Episode.swift; sourceTree = "<group>"; };
		7E687BD52351E2E200469A8D /* EpisodeCell.swift */ = {isa = PBXFileReference; lastKnownFileType = sourcecode.swift; path = EpisodeCell.swift; sourceTree = "<group>"; };
		7E687BD62351E2E200469A8D /* EpisodeCell.xib */ = {isa = PBXFileReference; lastKnownFileType = file.xib; path = EpisodeCell.xib; sourceTree = "<group>"; };
		7EE479C923295E1B00A54722 /* podcasts.app */ = {isa = PBXFileReference; explicitFileType = wrapper.application; includeInIndex = 0; path = podcasts.app; sourceTree = BUILT_PRODUCTS_DIR; };
		7EE479CC23295E1B00A54722 /* AppDelegate.swift */ = {isa = PBXFileReference; lastKnownFileType = sourcecode.swift; path = AppDelegate.swift; sourceTree = "<group>"; };
		7EE479CE23295E1B00A54722 /* ViewController.swift */ = {isa = PBXFileReference; lastKnownFileType = sourcecode.swift; path = ViewController.swift; sourceTree = "<group>"; };
		7EE479D123295E1B00A54722 /* Base */ = {isa = PBXFileReference; lastKnownFileType = file.storyboard; name = Base; path = Base.lproj/Main.storyboard; sourceTree = "<group>"; };
		7EE479D323295E1C00A54722 /* Assets.xcassets */ = {isa = PBXFileReference; lastKnownFileType = folder.assetcatalog; path = Assets.xcassets; sourceTree = "<group>"; };
		7EE479D623295E1C00A54722 /* Base */ = {isa = PBXFileReference; lastKnownFileType = file.storyboard; name = Base; path = Base.lproj/LaunchScreen.storyboard; sourceTree = "<group>"; };
		7EE479D823295E1C00A54722 /* Info.plist */ = {isa = PBXFileReference; lastKnownFileType = text.plist.xml; path = Info.plist; sourceTree = "<group>"; };
		7EE479DE23295EEE00A54722 /* MainTabBarController.swift */ = {isa = PBXFileReference; lastKnownFileType = sourcecode.swift; path = MainTabBarController.swift; sourceTree = "<group>"; };
		7EE479E1232A44BD00A54722 /* PodcastsSearchController.swift */ = {isa = PBXFileReference; lastKnownFileType = sourcecode.swift; path = PodcastsSearchController.swift; sourceTree = "<group>"; };
		7EE479E4232A467100A54722 /* Podcast.swift */ = {isa = PBXFileReference; lastKnownFileType = sourcecode.swift; path = Podcast.swift; sourceTree = "<group>"; };
		7EF75CD72334D4750062BA5C /* APIService.swift */ = {isa = PBXFileReference; lastKnownFileType = sourcecode.swift; path = APIService.swift; sourceTree = "<group>"; };
		7EF75CDA2334F6000062BA5C /* PodcastCell.xib */ = {isa = PBXFileReference; lastKnownFileType = file.xib; path = PodcastCell.xib; sourceTree = "<group>"; };
		7EF75CDC2334FB230062BA5C /* PodcastCell.swift */ = {isa = PBXFileReference; lastKnownFileType = sourcecode.swift; path = PodcastCell.swift; sourceTree = "<group>"; };
		7EF75CDE233517B90062BA5C /* EpisodesController.swift */ = {isa = PBXFileReference; lastKnownFileType = sourcecode.swift; path = EpisodesController.swift; sourceTree = "<group>"; };
		8BDA5EF6174564F9D43506D8 /* Pods-podcasts.debug.xcconfig */ = {isa = PBXFileReference; includeInIndex = 1; lastKnownFileType = text.xcconfig; name = "Pods-podcasts.debug.xcconfig"; path = "Target Support Files/Pods-podcasts/Pods-podcasts.debug.xcconfig"; sourceTree = "<group>"; };
		A6D0390D0237C593C1242240 /* Pods-podcasts.release.xcconfig */ = {isa = PBXFileReference; includeInIndex = 1; lastKnownFileType = text.xcconfig; name = "Pods-podcasts.release.xcconfig"; path = "Target Support Files/Pods-podcasts/Pods-podcasts.release.xcconfig"; sourceTree = "<group>"; };
		D0448E4500FEE02B45E25686 /* Pods_podcasts.framework */ = {isa = PBXFileReference; explicitFileType = wrapper.framework; includeInIndex = 0; path = Pods_podcasts.framework; sourceTree = BUILT_PRODUCTS_DIR; };
/* End PBXFileReference section */

/* Begin PBXFrameworksBuildPhase section */
		7EE479C623295E1B00A54722 /* Frameworks */ = {
			isa = PBXFrameworksBuildPhase;
			buildActionMask = 2147483647;
			files = (
				D4422B08CF585EC071006717 /* Pods_podcasts.framework in Frameworks */,
			);
			runOnlyForDeploymentPostprocessing = 0;
		};
/* End PBXFrameworksBuildPhase section */

/* Begin PBXGroup section */
		144BD2F930E938DA276F94CE /* Frameworks */ = {
			isa = PBXGroup;
			children = (
				D0448E4500FEE02B45E25686 /* Pods_podcasts.framework */,
			);
			name = Frameworks;
			sourceTree = "<group>";
		};
		7EE479C023295E1B00A54722 = {
			isa = PBXGroup;
			children = (
				7EE479CB23295E1B00A54722 /* podcasts */,
				7EE479CA23295E1B00A54722 /* Products */,
				9D9F741779CA0296AB84B060 /* Pods */,
				144BD2F930E938DA276F94CE /* Frameworks */,
			);
			sourceTree = "<group>";
		};
		7EE479CA23295E1B00A54722 /* Products */ = {
			isa = PBXGroup;
			children = (
				7EE479C923295E1B00A54722 /* podcasts.app */,
			);
			name = Products;
			sourceTree = "<group>";
		};
		7EE479CB23295E1B00A54722 /* podcasts */ = {
			isa = PBXGroup;
			children = (
				7EF75CD92334F5C50062BA5C /* Views */,
				7EF75CD62334D3D90062BA5C /* API */,
				7EE479E3232A465B00A54722 /* Models */,
				7EE479E0232A449600A54722 /* Controllers */,
				7EE479CC23295E1B00A54722 /* AppDelegate.swift */,
				7EE479CE23295E1B00A54722 /* ViewController.swift */,
				7EE479DE23295EEE00A54722 /* MainTabBarController.swift */,
				7EE479D023295E1B00A54722 /* Main.storyboard */,
				7EE479D323295E1C00A54722 /* Assets.xcassets */,
				7EE479D523295E1C00A54722 /* LaunchScreen.storyboard */,
				7EE479D823295E1C00A54722 /* Info.plist */,
			);
			path = podcasts;
			sourceTree = "<group>";
		};
		7EE479E0232A449600A54722 /* Controllers */ = {
			isa = PBXGroup;
			children = (
				7EE479E1232A44BD00A54722 /* PodcastsSearchController.swift */,
				7EF75CDE233517B90062BA5C /* EpisodesController.swift */,
			);
			path = Controllers;
			sourceTree = "<group>";
		};
		7EE479E3232A465B00A54722 /* Models */ = {
			isa = PBXGroup;
			children = (
				7EE479E4232A467100A54722 /* Podcast.swift */,
				7E687BD32351E21100469A8D /* Episode.swift */,
			);
			path = Models;
			sourceTree = "<group>";
		};
		7EF75CD62334D3D90062BA5C /* API */ = {
			isa = PBXGroup;
			children = (
				7EF75CD72334D4750062BA5C /* APIService.swift */,
			);
			name = API;
			path = "New Group";
			sourceTree = "<group>";
		};
		7EF75CD92334F5C50062BA5C /* Views */ = {
			isa = PBXGroup;
			children = (
				7EF75CDA2334F6000062BA5C /* PodcastCell.xib */,
				7EF75CDC2334FB230062BA5C /* PodcastCell.swift */,
				7E687BD52351E2E200469A8D /* EpisodeCell.swift */,
				7E687BD62351E2E200469A8D /* EpisodeCell.xib */,
			);
			path = Views;
			sourceTree = "<group>";
		};
		9D9F741779CA0296AB84B060 /* Pods */ = {
			isa = PBXGroup;
			children = (
				8BDA5EF6174564F9D43506D8 /* Pods-podcasts.debug.xcconfig */,
				A6D0390D0237C593C1242240 /* Pods-podcasts.release.xcconfig */,
			);
			path = Pods;
			sourceTree = "<group>";
		};
/* End PBXGroup section */

/* Begin PBXNativeTarget section */
		7EE479C823295E1B00A54722 /* podcasts */ = {
			isa = PBXNativeTarget;
			buildConfigurationList = 7EE479DB23295E1C00A54722 /* Build configuration list for PBXNativeTarget "podcasts" */;
			buildPhases = (
				128BF659DB347041F247A75C /* [CP] Check Pods Manifest.lock */,
				7EE479C523295E1B00A54722 /* Sources */,
				7EE479C623295E1B00A54722 /* Frameworks */,
				7EE479C723295E1B00A54722 /* Resources */,
				8FF69C9442AE5A1E7A3C964F /* [CP] Embed Pods Frameworks */,
			);
			buildRules = (
			);
			dependencies = (
			);
			name = podcasts;
			productName = podcasts;
			productReference = 7EE479C923295E1B00A54722 /* podcasts.app */;
			productType = "com.apple.product-type.application";
		};
/* End PBXNativeTarget section */

/* Begin PBXProject section */
		7EE479C123295E1B00A54722 /* Project object */ = {
			isa = PBXProject;
			attributes = {
				LastSwiftUpdateCheck = 1010;
				LastUpgradeCheck = 1010;
				ORGANIZATIONNAME = "Rakesh Kumar";
				TargetAttributes = {
					7EE479C823295E1B00A54722 = {
						CreatedOnToolsVersion = 10.1;
					};
				};
			};
			buildConfigurationList = 7EE479C423295E1B00A54722 /* Build configuration list for PBXProject "podcasts" */;
			compatibilityVersion = "Xcode 9.3";
			developmentRegion = en;
			hasScannedForEncodings = 0;
			knownRegions = (
				en,
				Base,
			);
			mainGroup = 7EE479C023295E1B00A54722;
			productRefGroup = 7EE479CA23295E1B00A54722 /* Products */;
			projectDirPath = "";
			projectRoot = "";
			targets = (
				7EE479C823295E1B00A54722 /* podcasts */,
			);
		};
/* End PBXProject section */

/* Begin PBXResourcesBuildPhase section */
		7EE479C723295E1B00A54722 /* Resources */ = {
			isa = PBXResourcesBuildPhase;
			buildActionMask = 2147483647;
			files = (
				7EE479D723295E1C00A54722 /* LaunchScreen.storyboard in Resources */,
				7EE479D423295E1C00A54722 /* Assets.xcassets in Resources */,
				7E687BD82351E2E200469A8D /* EpisodeCell.xib in Resources */,
				7EF75CDB2334F6000062BA5C /* PodcastCell.xib in Resources */,
				7EE479D223295E1B00A54722 /* Main.storyboard in Resources */,
			);
			runOnlyForDeploymentPostprocessing = 0;
		};
/* End PBXResourcesBuildPhase section */

/* Begin PBXShellScriptBuildPhase section */
		128BF659DB347041F247A75C /* [CP] Check Pods Manifest.lock */ = {
			isa = PBXShellScriptBuildPhase;
			buildActionMask = 2147483647;
			files = (
			);
			inputFileListPaths = (
			);
			inputPaths = (
				"${PODS_PODFILE_DIR_PATH}/Podfile.lock",
				"${PODS_ROOT}/Manifest.lock",
			);
			name = "[CP] Check Pods Manifest.lock";
			outputFileListPaths = (
			);
			outputPaths = (
				"$(DERIVED_FILE_DIR)/Pods-podcasts-checkManifestLockResult.txt",
			);
			runOnlyForDeploymentPostprocessing = 0;
			shellPath = /bin/sh;
			shellScript = "diff \"${PODS_PODFILE_DIR_PATH}/Podfile.lock\" \"${PODS_ROOT}/Manifest.lock\" > /dev/null\nif [ $? != 0 ] ; then\n    # print error to STDERR\n    echo \"error: The sandbox is not in sync with the Podfile.lock. Run 'pod install' or update your CocoaPods installation.\" >&2\n    exit 1\nfi\n# This output is used by Xcode 'outputs' to avoid re-running this script phase.\necho \"SUCCESS\" > \"${SCRIPT_OUTPUT_FILE_0}\"\n";
			showEnvVarsInLog = 0;
		};
		8FF69C9442AE5A1E7A3C964F /* [CP] Embed Pods Frameworks */ = {
			isa = PBXShellScriptBuildPhase;
			buildActionMask = 2147483647;
			files = (
			);
			inputFileListPaths = (
			);
			inputPaths = (
				"${PODS_ROOT}/Target Support Files/Pods-podcasts/Pods-podcasts-frameworks.sh",
				"${BUILT_PRODUCTS_DIR}/Alamofire/Alamofire.framework",
				"${BUILT_PRODUCTS_DIR}/FeedKit/FeedKit.framework",
				"${BUILT_PRODUCTS_DIR}/SDWebImage/SDWebImage.framework",
			);
			name = "[CP] Embed Pods Frameworks";
			outputFileListPaths = (
			);
			outputPaths = (
				"${TARGET_BUILD_DIR}/${FRAMEWORKS_FOLDER_PATH}/Alamofire.framework",
				"${TARGET_BUILD_DIR}/${FRAMEWORKS_FOLDER_PATH}/FeedKit.framework",
				"${TARGET_BUILD_DIR}/${FRAMEWORKS_FOLDER_PATH}/SDWebImage.framework",
			);
			runOnlyForDeploymentPostprocessing = 0;
			shellPath = /bin/sh;
			shellScript = "\"${PODS_ROOT}/Target Support Files/Pods-podcasts/Pods-podcasts-frameworks.sh\"\n";
			showEnvVarsInLog = 0;
		};
/* End PBXShellScriptBuildPhase section */

/* Begin PBXSourcesBuildPhase section */
		7EE479C523295E1B00A54722 /* Sources */ = {
			isa = PBXSourcesBuildPhase;
			buildActionMask = 2147483647;
			files = (
				7EE479E2232A44BD00A54722 /* PodcastsSearchController.swift in Sources */,
				7EE479CF23295E1B00A54722 /* ViewController.swift in Sources */,
				7EE479CD23295E1B00A54722 /* AppDelegate.swift in Sources */,
				7EF75CDF233517B90062BA5C /* EpisodesController.swift in Sources */,
				7EE479DF23295EEE00A54722 /* MainTabBarController.swift in Sources */,
				7E687BD72351E2E200469A8D /* EpisodeCell.swift in Sources */,
				7EF75CD82334D4750062BA5C /* APIService.swift in Sources */,
				7EE479E5232A467100A54722 /* Podcast.swift in Sources */,
				7E687BD42351E21100469A8D /* Episode.swift in Sources */,
				7EF75CDD2334FB230062BA5C /* PodcastCell.swift in Sources */,
			);
			runOnlyForDeploymentPostprocessing = 0;
		};
/* End PBXSourcesBuildPhase section */

/* Begin PBXVariantGroup section */
		7EE479D023295E1B00A54722 /* Main.storyboard */ = {
			isa = PBXVariantGroup;
			children = (
				7EE479D123295E1B00A54722 /* Base */,
			);
			name = Main.storyboard;
			sourceTree = "<group>";
		};
		7EE479D523295E1C00A54722 /* LaunchScreen.storyboard */ = {
			isa = PBXVariantGroup;
			children = (
				7EE479D623295E1C00A54722 /* Base */,
			);
			name = LaunchScreen.storyboard;
			sourceTree = "<group>";
		};
/* End PBXVariantGroup section */

/* Begin XCBuildConfiguration section */
		7EE479D923295E1C00A54722 /* Debug */ = {
			isa = XCBuildConfiguration;
			buildSettings = {
				ALWAYS_SEARCH_USER_PATHS = NO;
				CLANG_ANALYZER_NONNULL = YES;
				CLANG_ANALYZER_NUMBER_OBJECT_CONVERSION = YES_AGGRESSIVE;
				CLANG_CXX_LANGUAGE_STANDARD = "gnu++14";
				CLANG_CXX_LIBRARY = "libc++";
				CLANG_ENABLE_MODULES = YES;
				CLANG_ENABLE_OBJC_ARC = YES;
				CLANG_ENABLE_OBJC_WEAK = YES;
				CLANG_WARN_BLOCK_CAPTURE_AUTORELEASING = YES;
				CLANG_WARN_BOOL_CONVERSION = YES;
				CLANG_WARN_COMMA = YES;
				CLANG_WARN_CONSTANT_CONVERSION = YES;
				CLANG_WARN_DEPRECATED_OBJC_IMPLEMENTATIONS = YES;
				CLANG_WARN_DIRECT_OBJC_ISA_USAGE = YES_ERROR;
				CLANG_WARN_DOCUMENTATION_COMMENTS = YES;
				CLANG_WARN_EMPTY_BODY = YES;
				CLANG_WARN_ENUM_CONVERSION = YES;
				CLANG_WARN_INFINITE_RECURSION = YES;
				CLANG_WARN_INT_CONVERSION = YES;
				CLANG_WARN_NON_LITERAL_NULL_CONVERSION = YES;
				CLANG_WARN_OBJC_IMPLICIT_RETAIN_SELF = YES;
				CLANG_WARN_OBJC_LITERAL_CONVERSION = YES;
				CLANG_WARN_OBJC_ROOT_CLASS = YES_ERROR;
				CLANG_WARN_RANGE_LOOP_ANALYSIS = YES;
				CLANG_WARN_STRICT_PROTOTYPES = YES;
				CLANG_WARN_SUSPICIOUS_MOVE = YES;
				CLANG_WARN_UNGUARDED_AVAILABILITY = YES_AGGRESSIVE;
				CLANG_WARN_UNREACHABLE_CODE = YES;
				CLANG_WARN__DUPLICATE_METHOD_MATCH = YES;
				CODE_SIGN_IDENTITY = "iPhone Developer";
				COPY_PHASE_STRIP = NO;
				DEBUG_INFORMATION_FORMAT = dwarf;
				ENABLE_STRICT_OBJC_MSGSEND = YES;
				ENABLE_TESTABILITY = YES;
				GCC_C_LANGUAGE_STANDARD = gnu11;
				GCC_DYNAMIC_NO_PIC = NO;
				GCC_NO_COMMON_BLOCKS = YES;
				GCC_OPTIMIZATION_LEVEL = 0;
				GCC_PREPROCESSOR_DEFINITIONS = (
					"DEBUG=1",
					"$(inherited)",
				);
				GCC_WARN_64_TO_32_BIT_CONVERSION = YES;
				GCC_WARN_ABOUT_RETURN_TYPE = YES_ERROR;
				GCC_WARN_UNDECLARED_SELECTOR = YES;
				GCC_WARN_UNINITIALIZED_AUTOS = YES_AGGRESSIVE;
				GCC_WARN_UNUSED_FUNCTION = YES;
				GCC_WARN_UNUSED_VARIABLE = YES;
				IPHONEOS_DEPLOYMENT_TARGET = 12.1;
				MTL_ENABLE_DEBUG_INFO = INCLUDE_SOURCE;
				MTL_FAST_MATH = YES;
				ONLY_ACTIVE_ARCH = YES;
				SDKROOT = iphoneos;
				SWIFT_ACTIVE_COMPILATION_CONDITIONS = DEBUG;
				SWIFT_OPTIMIZATION_LEVEL = "-Onone";
			};
			name = Debug;
		};
		7EE479DA23295E1C00A54722 /* Release */ = {
			isa = XCBuildConfiguration;
			buildSettings = {
				ALWAYS_SEARCH_USER_PATHS = NO;
				CLANG_ANALYZER_NONNULL = YES;
				CLANG_ANALYZER_NUMBER_OBJECT_CONVERSION = YES_AGGRESSIVE;
				CLANG_CXX_LANGUAGE_STANDARD = "gnu++14";
				CLANG_CXX_LIBRARY = "libc++";
				CLANG_ENABLE_MODULES = YES;
				CLANG_ENABLE_OBJC_ARC = YES;
				CLANG_ENABLE_OBJC_WEAK = YES;
				CLANG_WARN_BLOCK_CAPTURE_AUTORELEASING = YES;
				CLANG_WARN_BOOL_CONVERSION = YES;
				CLANG_WARN_COMMA = YES;
				CLANG_WARN_CONSTANT_CONVERSION = YES;
				CLANG_WARN_DEPRECATED_OBJC_IMPLEMENTATIONS = YES;
				CLANG_WARN_DIRECT_OBJC_ISA_USAGE = YES_ERROR;
				CLANG_WARN_DOCUMENTATION_COMMENTS = YES;
				CLANG_WARN_EMPTY_BODY = YES;
				CLANG_WARN_ENUM_CONVERSION = YES;
				CLANG_WARN_INFINITE_RECURSION = YES;
				CLANG_WARN_INT_CONVERSION = YES;
				CLANG_WARN_NON_LITERAL_NULL_CONVERSION = YES;
				CLANG_WARN_OBJC_IMPLICIT_RETAIN_SELF = YES;
				CLANG_WARN_OBJC_LITERAL_CONVERSION = YES;
				CLANG_WARN_OBJC_ROOT_CLASS = YES_ERROR;
				CLANG_WARN_RANGE_LOOP_ANALYSIS = YES;
				CLANG_WARN_STRICT_PROTOTYPES = YES;
				CLANG_WARN_SUSPICIOUS_MOVE = YES;
				CLANG_WARN_UNGUARDED_AVAILABILITY = YES_AGGRESSIVE;
				CLANG_WARN_UNREACHABLE_CODE = YES;
				CLANG_WARN__DUPLICATE_METHOD_MATCH = YES;
				CODE_SIGN_IDENTITY = "iPhone Developer";
				COPY_PHASE_STRIP = NO;
				DEBUG_INFORMATION_FORMAT = "dwarf-with-dsym";
				ENABLE_NS_ASSERTIONS = NO;
				ENABLE_STRICT_OBJC_MSGSEND = YES;
				GCC_C_LANGUAGE_STANDARD = gnu11;
				GCC_NO_COMMON_BLOCKS = YES;
				GCC_WARN_64_TO_32_BIT_CONVERSION = YES;
				GCC_WARN_ABOUT_RETURN_TYPE = YES_ERROR;
				GCC_WARN_UNDECLARED_SELECTOR = YES;
				GCC_WARN_UNINITIALIZED_AUTOS = YES_AGGRESSIVE;
				GCC_WARN_UNUSED_FUNCTION = YES;
				GCC_WARN_UNUSED_VARIABLE = YES;
				IPHONEOS_DEPLOYMENT_TARGET = 12.1;
				MTL_ENABLE_DEBUG_INFO = NO;
				MTL_FAST_MATH = YES;
				SDKROOT = iphoneos;
				SWIFT_COMPILATION_MODE = wholemodule;
				SWIFT_OPTIMIZATION_LEVEL = "-O";
				VALIDATE_PRODUCT = YES;
			};
			name = Release;
		};
		7EE479DC23295E1C00A54722 /* Debug */ = {
			isa = XCBuildConfiguration;
			baseConfigurationReference = 8BDA5EF6174564F9D43506D8 /* Pods-podcasts.debug.xcconfig */;
			buildSettings = {
				ASSETCATALOG_COMPILER_APPICON_NAME = AppIcon;
				CODE_SIGN_STYLE = Automatic;
				DEVELOPMENT_TEAM = P8B7S3CYTZ;
				INFOPLIST_FILE = podcasts/Info.plist;
				LD_RUNPATH_SEARCH_PATHS = (
					"$(inherited)",
					"@executable_path/Frameworks",
				);
				PRODUCT_BUNDLE_IDENTIFIER = com.rakesh.podcasts;
				PRODUCT_NAME = "$(TARGET_NAME)";
				SWIFT_VERSION = 4.2;
				TARGETED_DEVICE_FAMILY = "1,2";
			};
			name = Debug;
		};
		7EE479DD23295E1C00A54722 /* Release */ = {
			isa = XCBuildConfiguration;
			baseConfigurationReference = A6D0390D0237C593C1242240 /* Pods-podcasts.release.xcconfig */;
			buildSettings = {
				ASSETCATALOG_COMPILER_APPICON_NAME = AppIcon;
				CODE_SIGN_STYLE = Automatic;
				DEVELOPMENT_TEAM = P8B7S3CYTZ;
				INFOPLIST_FILE = podcasts/Info.plist;
				LD_RUNPATH_SEARCH_PATHS = (
					"$(inherited)",
					"@executable_path/Frameworks",
				);
				PRODUCT_BUNDLE_IDENTIFIER = com.rakesh.podcasts;
				PRODUCT_NAME = "$(TARGET_NAME)";
				SWIFT_VERSION = 4.2;
				TARGETED_DEVICE_FAMILY = "1,2";
			};
			name = Release;
		};
/* End XCBuildConfiguration section */

/* Begin XCConfigurationList section */
		7EE479C423295E1B00A54722 /* Build configuration list for PBXProject "podcasts" */ = {
			isa = XCConfigurationList;
			buildConfigurations = (
				7EE479D923295E1C00A54722 /* Debug */,
				7EE479DA23295E1C00A54722 /* Release */,
			);
			defaultConfigurationIsVisible = 0;
			defaultConfigurationName = Release;
		};
		7EE479DB23295E1C00A54722 /* Build configuration list for PBXNativeTarget "podcasts" */ = {
			isa = XCConfigurationList;
			buildConfigurations = (
				7EE479DC23295E1C00A54722 /* Debug */,
				7EE479DD23295E1C00A54722 /* Release */,
			);
			defaultConfigurationIsVisible = 0;
			defaultConfigurationName = Release;
		};
/* End XCConfigurationList section */
	};
	rootObject = 7EE479C123295E1B00A54722 /* Project object */;
}
